
Microsoft Visual Studio Solution File, Format Version 12.00
# Visual Studio Version 17
VisualStudioVersion = 17.3.32922.545
MinimumVisualStudioVersion = 10.0.40219.1
Project("{FAE04EC0-301F-11D3-BF4B-00C04F79EFBC}") = "4zdzd", "4zdzd\4zdzd.csproj", "{5BA0C28D-BA0C-487D-9420-1BC198B52723}"
EndProject
Project("{FAE04EC0-301F-11D3-BF4B-00C04F79EFBC}") = "tumachloh", "tumachloh\tumachloh.csproj", "{B72F14C1-E7B6-4F39-817A-46B0995A68A9}"
EndProject
Global
	GlobalSection(SolutionConfigurationPlatforms) = preSolution
		Debug|Any CPU = Debug|Any CPU
		Release|Any CPU = Release|Any CPU
	EndGlobalSection
	GlobalSection(ProjectConfigurationPlatforms) = postSolution
		{5BA0C28D-BA0C-487D-9420-1BC198B52723}.Debug|Any CPU.ActiveCfg = Debug|Any CPU
		{5BA0C28D-BA0C-487D-9420-1BC198B52723}.Debug|Any CPU.Build.0 = Debug|Any CPU
		{5BA0C28D-BA0C-487D-9420-1BC198B52723}.Release|Any CPU.ActiveCfg = Release|Any CPU
		{5BA0C28D-BA0C-487D-9420-1BC198B52723}.Release|Any CPU.Build.0 = Release|Any CPU
		{B72F14C1-E7B6-4F39-817A-46B0995A68A9}.Debug|Any CPU.ActiveCfg = Debug|Any CPU
		{B72F14C1-E7B6-4F39-817A-46B0995A68A9}.Debug|Any CPU.Build.0 = Debug|Any CPU
		{B72F14C1-E7B6-4F39-817A-46B0995A68A9}.Release|Any CPU.ActiveCfg = Release|Any CPU
		{B72F14C1-E7B6-4F39-817A-46B0995A68A9}.Release|Any CPU.Build.0 = Release|Any CPU
	EndGlobalSection
	GlobalSection(SolutionProperties) = preSolution
		HideSolutionNode = FALSE
	EndGlobalSection
	GlobalSection(ExtensibilityGlobals) = postSolution
		SolutionGuid = {11E608B4-C279-4D3D-B740-4D8B5808E54A}
	EndGlobalSection
EndGlobal
